
Microsoft Visual Studio Solution File, Format Version 12.00
# Visual Studio 15
VisualStudioVersion = 15.0.27004.2005
MinimumVisualStudioVersion = 10.0.40219.1
Project("{FAE04EC0-301F-11D3-BF4B-00C04F79EFBC}") = "SurveyApi", "SurveyApi\SurveyApi.csproj", "{B2D96A23-6465-471B-912D-D4F07D8264AD}"
EndProject
Global
	GlobalSection(SolutionConfigurationPlatforms) = preSolution
		Debug|Any CPU = Debug|Any CPU
		Release|Any CPU = Release|Any CPU
	EndGlobalSection
	GlobalSection(ProjectConfigurationPlatforms) = postSolution
		{B2D96A23-6465-471B-912D-D4F07D8264AD}.Debug|Any CPU.ActiveCfg = Debug|Any CPU
		{B2D96A23-6465-471B-912D-D4F07D8264AD}.Debug|Any CPU.Build.0 = Debug|Any CPU
		{B2D96A23-6465-471B-912D-D4F07D8264AD}.Release|Any CPU.ActiveCfg = Release|Any CPU
		{B2D96A23-6465-471B-912D-D4F07D8264AD}.Release|Any CPU.Build.0 = Release|Any CPU
	EndGlobalSection
	GlobalSection(SolutionProperties) = preSolution
		HideSolutionNode = FALSE
	EndGlobalSection
	GlobalSection(ExtensibilityGlobals) = postSolution
		SolutionGuid = {9058F98B-8A03-4D7A-B3A3-917B631CE935}
	EndGlobalSection
EndGlobal
